
Microsoft Visual Studio Solution File, Format Version 12.00
# Visual Studio Version 17
VisualStudioVersion = 17.8.34525.116
MinimumVisualStudioVersion = 10.0.40219.1
Project("{9A19103F-16F7-4668-BE54-9A1E7A4F7556}") = "Helloworld", "Helloworld\Helloworld.csproj", "{AEEAF879-20F0-4463-8391-77FA2DEF21DD}"
EndProject
Project("{FAE04EC0-301F-11D3-BF4B-00C04F79EFBC}") = "TestProject1", "TestProject1\TestProject1.csproj", "{B9E54D1D-1CC8-400B-8542-183705445A9D}"
EndProject
Global
	GlobalSection(SolutionConfigurationPlatforms) = preSolution
		Debug|Any CPU = Debug|Any CPU
		Release|Any CPU = Release|Any CPU
	EndGlobalSection
	GlobalSection(ProjectConfigurationPlatforms) = postSolution
		{AEEAF879-20F0-4463-8391-77FA2DEF21DD}.Debug|Any CPU.ActiveCfg = Debug|Any CPU
		{AEEAF879-20F0-4463-8391-77FA2DEF21DD}.Debug|Any CPU.Build.0 = Debug|Any CPU
		{AEEAF879-20F0-4463-8391-77FA2DEF21DD}.Release|Any CPU.ActiveCfg = Release|Any CPU
		{AEEAF879-20F0-4463-8391-77FA2DEF21DD}.Release|Any CPU.Build.0 = Release|Any CPU
		{B9E54D1D-1CC8-400B-8542-183705445A9D}.Debug|Any CPU.ActiveCfg = Debug|Any CPU
		{B9E54D1D-1CC8-400B-8542-183705445A9D}.Debug|Any CPU.Build.0 = Debug|Any CPU
		{B9E54D1D-1CC8-400B-8542-183705445A9D}.Release|Any CPU.ActiveCfg = Release|Any CPU
		{B9E54D1D-1CC8-400B-8542-183705445A9D}.Release|Any CPU.Build.0 = Release|Any CPU
	EndGlobalSection
	GlobalSection(SolutionProperties) = preSolution
		HideSolutionNode = FALSE
	EndGlobalSection
	GlobalSection(ExtensibilityGlobals) = postSolution
		SolutionGuid = {545403C7-111A-447D-9923-848FA8850B3B}
	EndGlobalSection
EndGlobal
